
Microsoft Visual Studio Solution File, Format Version 12.00
# Visual Studio 15
VisualStudioVersion = 15.0.28307.1340
MinimumVisualStudioVersion = 10.0.40219.1
Project("{FAE04EC0-301F-11D3-BF4B-00C04F79EFBC}") = "AccessibilityCompliant", "AccessibilityCompliant\AccessibilityCompliant.csproj", "{D6579B33-8789-4710-9989-705AE6EBC00F}"
EndProject
Global
	GlobalSection(SolutionConfigurationPlatforms) = preSolution
		Debug|Any CPU = Debug|Any CPU
		Release|Any CPU = Release|Any CPU
	EndGlobalSection
	GlobalSection(ProjectConfigurationPlatforms) = postSolution
		{D6579B33-8789-4710-9989-705AE6EBC00F}.Debug|Any CPU.ActiveCfg = Debug|Any CPU
		{D6579B33-8789-4710-9989-705AE6EBC00F}.Debug|Any CPU.Build.0 = Debug|Any CPU
		{D6579B33-8789-4710-9989-705AE6EBC00F}.Release|Any CPU.ActiveCfg = Release|Any CPU
		{D6579B33-8789-4710-9989-705AE6EBC00F}.Release|Any CPU.Build.0 = Release|Any CPU
	EndGlobalSection
	GlobalSection(SolutionProperties) = preSolution
		HideSolutionNode = FALSE
	EndGlobalSection
	GlobalSection(ExtensibilityGlobals) = postSolution
		SolutionGuid = {082A1B96-AA99-45C8-9E7B-8F48B58653F2}
	EndGlobalSection
EndGlobal
